// !$*UTF8*$!
{
	archiveVersion = 1;
	classes = {
	};
	objectVersion = 46;
	objects = {

/* Begin PBXBuildFile section */
		BFA800B51E0C10AD0048882C /* AppDelegate.swift in Sources */ = {isa = PBXBuildFile; fileRef = BFA800B41E0C10AD0048882C /* AppDelegate.swift */; };
		BFA800B71E0C10AD0048882C /* ViewController.swift in Sources */ = {isa = PBXBuildFile; fileRef = BFA800B61E0C10AD0048882C /* ViewController.swift */; };
		BFA800BA1E0C10AD0048882C /* Main.storyboard in Resources */ = {isa = PBXBuildFile; fileRef = BFA800B81E0C10AD0048882C /* Main.storyboard */; };
		BFA800BC1E0C10AD0048882C /* Assets.xcassets in Resources */ = {isa = PBXBuildFile; fileRef = BFA800BB1E0C10AD0048882C /* Assets.xcassets */; };
		BFA800BF1E0C10AD0048882C /* LaunchScreen.storyboard in Resources */ = {isa = PBXBuildFile; fileRef = BFA800BD1E0C10AD0048882C /* LaunchScreen.storyboard */; };
		BFA800CA1E0C10AD0048882C /* SimpleCalcTests.swift in Sources */ = {isa = PBXBuildFile; fileRef = BFA800C91E0C10AD0048882C /* SimpleCalcTests.swift */; };
		BFA800D51E0C10AD0048882C /* SimpleCalcUITests.swift in Sources */ = {isa = PBXBuildFile; fileRef = BFA800D41E0C10AD0048882C /* SimpleCalcUITests.swift */; };
		BFC4193B1E233AA3002E5AAA /* warikan1.png in Resources */ = {isa = PBXBuildFile; fileRef = BFC4193A1E233AA3002E5AAA /* warikan1.png */; };
		BFC4193D1E233AD4002E5AAA /* ato.png in Resources */ = {isa = PBXBuildFile; fileRef = BFC4193C1E233AD4002E5AAA /* ato.png */; };
		BFDACB781E14CD1C00BE8BD0 /* UIView+Border.swift in Sources */ = {isa = PBXBuildFile; fileRef = BFDACB771E14CD1C00BE8BD0 /* UIView+Border.swift */; };
		BFDACB7A1E1532B700BE8BD0 /* ResultViewController.swift in Sources */ = {isa = PBXBuildFile; fileRef = BFDACB791E1532B700BE8BD0 /* ResultViewController.swift */; };
		BFDACB7C1E15BE0300BE8BD0 /* SelectViewController.swift in Sources */ = {isa = PBXBuildFile; fileRef = BFDACB7B1E15BE0300BE8BD0 /* SelectViewController.swift */; };
		BFDACB7E1E1918F300BE8BD0 /* Post-settlementViewController.swift in Sources */ = {isa = PBXBuildFile; fileRef = BFDACB7D1E1918F300BE8BD0 /* Post-settlementViewController.swift */; };
/* End PBXBuildFile section */

/* Begin PBXContainerItemProxy section */
		BFA800C61E0C10AD0048882C /* PBXContainerItemProxy */ = {
			isa = PBXContainerItemProxy;
			containerPortal = BFA800A91E0C10AD0048882C /* Project object */;
			proxyType = 1;
			remoteGlobalIDString = BFA800B01E0C10AD0048882C;
			remoteInfo = SimpleCalc;
		};
		BFA800D11E0C10AD0048882C /* PBXContainerItemProxy */ = {
			isa = PBXContainerItemProxy;
			containerPortal = BFA800A91E0C10AD0048882C /* Project object */;
			proxyType = 1;
			remoteGlobalIDString = BFA800B01E0C10AD0048882C;
			remoteInfo = SimpleCalc;
		};
/* End PBXContainerItemProxy section */

/* Begin PBXFileReference section */
		BFA800B11E0C10AD0048882C /* SimpleCalc.app */ = {isa = PBXFileReference; explicitFileType = wrapper.application; includeInIndex = 0; path = SimpleCalc.app; sourceTree = BUILT_PRODUCTS_DIR; };
		BFA800B41E0C10AD0048882C /* AppDelegate.swift */ = {isa = PBXFileReference; lastKnownFileType = sourcecode.swift; path = AppDelegate.swift; sourceTree = "<group>"; };
		BFA800B61E0C10AD0048882C /* ViewController.swift */ = {isa = PBXFileReference; lastKnownFileType = sourcecode.swift; path = ViewController.swift; sourceTree = "<group>"; };
		BFA800B91E0C10AD0048882C /* Base */ = {isa = PBXFileReference; lastKnownFileType = file.storyboard; name = Base; path = Base.lproj/Main.storyboard; sourceTree = "<group>"; };
		BFA800BB1E0C10AD0048882C /* Assets.xcassets */ = {isa = PBXFileReference; lastKnownFileType = folder.assetcatalog; path = Assets.xcassets; sourceTree = "<group>"; };
		BFA800BE1E0C10AD0048882C /* Base */ = {isa = PBXFileReference; lastKnownFileType = file.storyboard; name = Base; path = Base.lproj/LaunchScreen.storyboard; sourceTree = "<group>"; };
		BFA800C01E0C10AD0048882C /* Info.plist */ = {isa = PBXFileReference; lastKnownFileType = text.plist.xml; path = Info.plist; sourceTree = "<group>"; };
		BFA800C51E0C10AD0048882C /* SimpleCalcTests.xctest */ = {isa = PBXFileReference; explicitFileType = wrapper.cfbundle; includeInIndex = 0; path = SimpleCalcTests.xctest; sourceTree = BUILT_PRODUCTS_DIR; };
		BFA800C91E0C10AD0048882C /* SimpleCalcTests.swift */ = {isa = PBXFileReference; lastKnownFileType = sourcecode.swift; path = SimpleCalcTests.swift; sourceTree = "<group>"; };
		BFA800CB1E0C10AD0048882C /* Info.plist */ = {isa = PBXFileReference; lastKnownFileType = text.plist.xml; path = Info.plist; sourceTree = "<group>"; };
		BFA800D01E0C10AD0048882C /* SimpleCalcUITests.xctest */ = {isa = PBXFileReference; explicitFileType = wrapper.cfbundle; includeInIndex = 0; path = SimpleCalcUITests.xctest; sourceTree = BUILT_PRODUCTS_DIR; };
		BFA800D41E0C10AD0048882C /* SimpleCalcUITests.swift */ = {isa = PBXFileReference; lastKnownFileType = sourcecode.swift; path = SimpleCalcUITests.swift; sourceTree = "<group>"; };
		BFA800D61E0C10AD0048882C /* Info.plist */ = {isa = PBXFileReference; lastKnownFileType = text.plist.xml; path = Info.plist; sourceTree = "<group>"; };
		BFC4193A1E233AA3002E5AAA /* warikan1.png */ = {isa = PBXFileReference; lastKnownFileType = image.png; path = warikan1.png; sourceTree = "<group>"; };
		BFC4193C1E233AD4002E5AAA /* ato.png */ = {isa = PBXFileReference; lastKnownFileType = image.png; path = ato.png; sourceTree = "<group>"; };
		BFDACB771E14CD1C00BE8BD0 /* UIView+Border.swift */ = {isa = PBXFileReference; fileEncoding = 4; lastKnownFileType = sourcecode.swift; path = "UIView+Border.swift"; sourceTree = "<group>"; };
		BFDACB791E1532B700BE8BD0 /* ResultViewController.swift */ = {isa = PBXFileReference; fileEncoding = 4; lastKnownFileType = sourcecode.swift; path = ResultViewController.swift; sourceTree = "<group>"; };
		BFDACB7B1E15BE0300BE8BD0 /* SelectViewController.swift */ = {isa = PBXFileReference; fileEncoding = 4; lastKnownFileType = sourcecode.swift; path = SelectViewController.swift; sourceTree = "<group>"; };
		BFDACB7D1E1918F300BE8BD0 /* Post-settlementViewController.swift */ = {isa = PBXFileReference; fileEncoding = 4; lastKnownFileType = sourcecode.swift; path = "Post-settlementViewController.swift"; sourceTree = "<group>"; };
/* End PBXFileReference section */

/* Begin PBXFrameworksBuildPhase section */
		BFA800AE1E0C10AD0048882C /* Frameworks */ = {
			isa = PBXFrameworksBuildPhase;
			buildActionMask = 2147483647;
			files = (
			);
			runOnlyForDeploymentPostprocessing = 0;
		};
		BFA800C21E0C10AD0048882C /* Frameworks */ = {
			isa = PBXFrameworksBuildPhase;
			buildActionMask = 2147483647;
			files = (
			);
			runOnlyForDeploymentPostprocessing = 0;
		};
		BFA800CD1E0C10AD0048882C /* Frameworks */ = {
			isa = PBXFrameworksBuildPhase;
			buildActionMask = 2147483647;
			files = (
			);
			runOnlyForDeploymentPostprocessing = 0;
		};
/* End PBXFrameworksBuildPhase section */

/* Begin PBXGroup section */
		BFA800A81E0C10AD0048882C = {
			isa = PBXGroup;
			children = (
				BFA800B31E0C10AD0048882C /* SimpleCalc */,
				BFA800C81E0C10AD0048882C /* SimpleCalcTests */,
				BFA800D31E0C10AD0048882C /* SimpleCalcUITests */,
				BFA800B21E0C10AD0048882C /* Products */,
			);
			sourceTree = "<group>";
		};
		BFA800B21E0C10AD0048882C /* Products */ = {
			isa = PBXGroup;
			children = (
				BFA800B11E0C10AD0048882C /* SimpleCalc.app */,
				BFA800C51E0C10AD0048882C /* SimpleCalcTests.xctest */,
				BFA800D01E0C10AD0048882C /* SimpleCalcUITests.xctest */,
			);
			name = Products;
			sourceTree = "<group>";
		};
		BFA800B31E0C10AD0048882C /* SimpleCalc */ = {
			isa = PBXGroup;
			children = (
				BFA800B41E0C10AD0048882C /* AppDelegate.swift */,
				BFA800B61E0C10AD0048882C /* ViewController.swift */,
				BFDACB771E14CD1C00BE8BD0 /* UIView+Border.swift */,
				BFDACB791E1532B700BE8BD0 /* ResultViewController.swift */,
				BFA800B81E0C10AD0048882C /* Main.storyboard */,
				BFDACB7D1E1918F300BE8BD0 /* Post-settlementViewController.swift */,
				BFDACB7B1E15BE0300BE8BD0 /* SelectViewController.swift */,
				BFA800BB1E0C10AD0048882C /* Assets.xcassets */,
				BFA800BD1E0C10AD0048882C /* LaunchScreen.storyboard */,
				BFC4193A1E233AA3002E5AAA /* warikan1.png */,
				BFC4193C1E233AD4002E5AAA /* ato.png */,
				BFA800C01E0C10AD0048882C /* Info.plist */,
			);
			path = SimpleCalc;
			sourceTree = "<group>";
		};
		BFA800C81E0C10AD0048882C /* SimpleCalcTests */ = {
			isa = PBXGroup;
			children = (
				BFA800C91E0C10AD0048882C /* SimpleCalcTests.swift */,
				BFA800CB1E0C10AD0048882C /* Info.plist */,
			);
			path = SimpleCalcTests;
			sourceTree = "<group>";
		};
		BFA800D31E0C10AD0048882C /* SimpleCalcUITests */ = {
			isa = PBXGroup;
			children = (
				BFA800D41E0C10AD0048882C /* SimpleCalcUITests.swift */,
				BFA800D61E0C10AD0048882C /* Info.plist */,
			);
			path = SimpleCalcUITests;
			sourceTree = "<group>";
		};
/* End PBXGroup section */

/* Begin PBXNativeTarget section */
		BFA800B01E0C10AD0048882C /* SimpleCalc */ = {
			isa = PBXNativeTarget;
			buildConfigurationList = BFA800D91E0C10AD0048882C /* Build configuration list for PBXNativeTarget "SimpleCalc" */;
			buildPhases = (
				BFA800AD1E0C10AD0048882C /* Sources */,
				BFA800AE1E0C10AD0048882C /* Frameworks */,
				BFA800AF1E0C10AD0048882C /* Resources */,
			);
			buildRules = (
			);
			dependencies = (
			);
			name = SimpleCalc;
			productName = SimpleCalc;
			productReference = BFA800B11E0C10AD0048882C /* SimpleCalc.app */;
			productType = "com.apple.product-type.application";
		};
		BFA800C41E0C10AD0048882C /* SimpleCalcTests */ = {
			isa = PBXNativeTarget;
			buildConfigurationList = BFA800DC1E0C10AD0048882C /* Build configuration list for PBXNativeTarget "SimpleCalcTests" */;
			buildPhases = (
				BFA800C11E0C10AD0048882C /* Sources */,
				BFA800C21E0C10AD0048882C /* Frameworks */,
				BFA800C31E0C10AD0048882C /* Resources */,
			);
			buildRules = (
			);
			dependencies = (
				BFA800C71E0C10AD0048882C /* PBXTargetDependency */,
			);
			name = SimpleCalcTests;
			productName = SimpleCalcTests;
			productReference = BFA800C51E0C10AD0048882C /* SimpleCalcTests.xctest */;
			productType = "com.apple.product-type.bundle.unit-test";
		};
		BFA800CF1E0C10AD0048882C /* SimpleCalcUITests */ = {
			isa = PBXNativeTarget;
			buildConfigurationList = BFA800DF1E0C10AD0048882C /* Build configuration list for PBXNativeTarget "SimpleCalcUITests" */;
			buildPhases = (
				BFA800CC1E0C10AD0048882C /* Sources */,
				BFA800CD1E0C10AD0048882C /* Frameworks */,
				BFA800CE1E0C10AD0048882C /* Resources */,
			);
			buildRules = (
			);
			dependencies = (
				BFA800D21E0C10AD0048882C /* PBXTargetDependency */,
			);
			name = SimpleCalcUITests;
			productName = SimpleCalcUITests;
			productReference = BFA800D01E0C10AD0048882C /* SimpleCalcUITests.xctest */;
			productType = "com.apple.product-type.bundle.ui-testing";
		};
/* End PBXNativeTarget section */

/* Begin PBXProject section */
		BFA800A91E0C10AD0048882C /* Project object */ = {
			isa = PBXProject;
			attributes = {
				LastSwiftUpdateCheck = 0810;
				LastUpgradeCheck = 0820;
				ORGANIZATIONNAME = kengo;
				TargetAttributes = {
					BFA800B01E0C10AD0048882C = {
						CreatedOnToolsVersion = 8.1;
						DevelopmentTeam = ME2P39A3QN;
						ProvisioningStyle = Manual;
					};
					BFA800C41E0C10AD0048882C = {
						CreatedOnToolsVersion = 8.1;
						DevelopmentTeam = ME2P39A3QN;
						ProvisioningStyle = Automatic;
						TestTargetID = BFA800B01E0C10AD0048882C;
					};
					BFA800CF1E0C10AD0048882C = {
						CreatedOnToolsVersion = 8.1;
						DevelopmentTeam = ME2P39A3QN;
						ProvisioningStyle = Automatic;
						TestTargetID = BFA800B01E0C10AD0048882C;
					};
				};
			};
			buildConfigurationList = BFA800AC1E0C10AD0048882C /* Build configuration list for PBXProject "SimpleCalc" */;
			compatibilityVersion = "Xcode 3.2";
			developmentRegion = English;
			hasScannedForEncodings = 0;
			knownRegions = (
				en,
				Base,
			);
			mainGroup = BFA800A81E0C10AD0048882C;
			productRefGroup = BFA800B21E0C10AD0048882C /* Products */;
			projectDirPath = "";
			projectRoot = "";
			targets = (
				BFA800B01E0C10AD0048882C /* SimpleCalc */,
				BFA800C41E0C10AD0048882C /* SimpleCalcTests */,
				BFA800CF1E0C10AD0048882C /* SimpleCalcUITests */,
			);
		};
/* End PBXProject section */

/* Begin PBXResourcesBuildPhase section */
		BFA800AF1E0C10AD0048882C /* Resources */ = {
			isa = PBXResourcesBuildPhase;
			buildActionMask = 2147483647;
			files = (
				BFC4193D1E233AD4002E5AAA /* ato.png in Resources */,
				BFA800BF1E0C10AD0048882C /* LaunchScreen.storyboard in Resources */,
				BFC4193B1E233AA3002E5AAA /* warikan1.png in Resources */,
				BFA800BC1E0C10AD0048882C /* Assets.xcassets in Resources */,
				BFA800BA1E0C10AD0048882C /* Main.storyboard in Resources */,
			);
			runOnlyForDeploymentPostprocessing = 0;
		};
		BFA800C31E0C10AD0048882C /* Resources */ = {
			isa = PBXResourcesBuildPhase;
			buildActionMask = 2147483647;
			files = (
			);
			runOnlyForDeploymentPostprocessing = 0;
		};
		BFA800CE1E0C10AD0048882C /* Resources */ = {
			isa = PBXResourcesBuildPhase;
			buildActionMask = 2147483647;
			files = (
			);
			runOnlyForDeploymentPostprocessing = 0;
		};
/* End PBXResourcesBuildPhase section */

/* Begin PBXSourcesBuildPhase section */
		BFA800AD1E0C10AD0048882C /* Sources */ = {
			isa = PBXSourcesBuildPhase;
			buildActionMask = 2147483647;
			files = (
				BFDACB7C1E15BE0300BE8BD0 /* SelectViewController.swift in Sources */,
				BFA800B71E0C10AD0048882C /* ViewController.swift in Sources */,
				BFA800B51E0C10AD0048882C /* AppDelegate.swift in Sources */,
				BFDACB781E14CD1C00BE8BD0 /* UIView+Border.swift in Sources */,
				BFDACB7A1E1532B700BE8BD0 /* ResultViewController.swift in Sources */,
				BFDACB7E1E1918F300BE8BD0 /* Post-settlementViewController.swift in Sources */,
			);
			runOnlyForDeploymentPostprocessing = 0;
		};
		BFA800C11E0C10AD0048882C /* Sources */ = {
			isa = PBXSourcesBuildPhase;
			buildActionMask = 2147483647;
			files = (
				BFA800CA1E0C10AD0048882C /* SimpleCalcTests.swift in Sources */,
			);
			runOnlyForDeploymentPostprocessing = 0;
		};
		BFA800CC1E0C10AD0048882C /* Sources */ = {
			isa = PBXSourcesBuildPhase;
			buildActionMask = 2147483647;
			files = (
				BFA800D51E0C10AD0048882C /* SimpleCalcUITests.swift in Sources */,
			);
			runOnlyForDeploymentPostprocessing = 0;
		};
/* End PBXSourcesBuildPhase section */

/* Begin PBXTargetDependency section */
		BFA800C71E0C10AD0048882C /* PBXTargetDependency */ = {
			isa = PBXTargetDependency;
			target = BFA800B01E0C10AD0048882C /* SimpleCalc */;
			targetProxy = BFA800C61E0C10AD0048882C /* PBXContainerItemProxy */;
		};
		BFA800D21E0C10AD0048882C /* PBXTargetDependency */ = {
			isa = PBXTargetDependency;
			target = BFA800B01E0C10AD0048882C /* SimpleCalc */;
			targetProxy = BFA800D11E0C10AD0048882C /* PBXContainerItemProxy */;
		};
/* End PBXTargetDependency section */

/* Begin PBXVariantGroup section */
		BFA800B81E0C10AD0048882C /* Main.storyboard */ = {
			isa = PBXVariantGroup;
			children = (
				BFA800B91E0C10AD0048882C /* Base */,
			);
			name = Main.storyboard;
			sourceTree = "<group>";
		};
		BFA800BD1E0C10AD0048882C /* LaunchScreen.storyboard */ = {
			isa = PBXVariantGroup;
			children = (
				BFA800BE1E0C10AD0048882C /* Base */,
			);
			name = LaunchScreen.storyboard;
			sourceTree = "<group>";
		};
/* End PBXVariantGroup section */

/* Begin XCBuildConfiguration section */
		BFA800D71E0C10AD0048882C /* Debug */ = {
			isa = XCBuildConfiguration;
			buildSettings = {
				ALWAYS_SEARCH_USER_PATHS = NO;
				CLANG_ANALYZER_NONNULL = YES;
				CLANG_CXX_LANGUAGE_STANDARD = "gnu++0x";
				CLANG_CXX_LIBRARY = "libc++";
				CLANG_ENABLE_MODULES = YES;
				CLANG_ENABLE_OBJC_ARC = YES;
				CLANG_WARN_BOOL_CONVERSION = YES;
				CLANG_WARN_CONSTANT_CONVERSION = YES;
				CLANG_WARN_DIRECT_OBJC_ISA_USAGE = YES_ERROR;
				CLANG_WARN_DOCUMENTATION_COMMENTS = YES;
				CLANG_WARN_EMPTY_BODY = YES;
				CLANG_WARN_ENUM_CONVERSION = YES;
				CLANG_WARN_INFINITE_RECURSION = YES;
				CLANG_WARN_INT_CONVERSION = YES;
				CLANG_WARN_OBJC_ROOT_CLASS = YES_ERROR;
				CLANG_WARN_SUSPICIOUS_MOVE = YES;
				CLANG_WARN_SUSPICIOUS_MOVES = YES;
				CLANG_WARN_UNREACHABLE_CODE = YES;
				CLANG_WARN__DUPLICATE_METHOD_MATCH = YES;
				CODE_SIGN_IDENTITY = "iPhone Developer";
				"CODE_SIGN_IDENTITY[sdk=*]" = "iPhone Developer";
				COPY_PHASE_STRIP = NO;
				DEBUG_INFORMATION_FORMAT = dwarf;
				DEVELOPMENT_TEAM = ME2P39A3QN;
				ENABLE_STRICT_OBJC_MSGSEND = YES;
				ENABLE_TESTABILITY = YES;
				GCC_C_LANGUAGE_STANDARD = gnu99;
				GCC_DYNAMIC_NO_PIC = NO;
				GCC_NO_COMMON_BLOCKS = YES;
				GCC_OPTIMIZATION_LEVEL = 0;
				GCC_PREPROCESSOR_DEFINITIONS = (
					"DEBUG=1",
					"$(inherited)",
				);
				GCC_WARN_64_TO_32_BIT_CONVERSION = YES;
				GCC_WARN_ABOUT_RETURN_TYPE = YES_ERROR;
				GCC_WARN_UNDECLARED_SELECTOR = YES;
				GCC_WARN_UNINITIALIZED_AUTOS = YES_AGGRESSIVE;
				GCC_WARN_UNUSED_FUNCTION = YES;
				GCC_WARN_UNUSED_VARIABLE = YES;
				IPHONEOS_DEPLOYMENT_TARGET = 10.2;
				MTL_ENABLE_DEBUG_INFO = YES;
				ONLY_ACTIVE_ARCH = YES;
				PROVISIONING_PROFILE = "";
				SDKROOT = iphoneos10.2;
				STRIP_INSTALLED_PRODUCT = YES;
				SWIFT_ACTIVE_COMPILATION_CONDITIONS = DEBUG;
				SWIFT_OPTIMIZATION_LEVEL = "-Onone";
			};
			name = Debug;
		};
		BFA800D81E0C10AD0048882C /* Release */ = {
			isa = XCBuildConfiguration;
			buildSettings = {
				ALWAYS_SEARCH_USER_PATHS = NO;
				CLANG_ANALYZER_NONNULL = YES;
				CLANG_CXX_LANGUAGE_STANDARD = "gnu++0x";
				CLANG_CXX_LIBRARY = "libc++";
				CLANG_ENABLE_MODULES = YES;
				CLANG_ENABLE_OBJC_ARC = YES;
				CLANG_WARN_BOOL_CONVERSION = YES;
				CLANG_WARN_CONSTANT_CONVERSION = YES;
				CLANG_WARN_DIRECT_OBJC_ISA_USAGE = YES_ERROR;
				CLANG_WARN_DOCUMENTATION_COMMENTS = YES;
				CLANG_WARN_EMPTY_BODY = YES;
				CLANG_WARN_ENUM_CONVERSION = YES;
				CLANG_WARN_INFINITE_RECURSION = YES;
				CLANG_WARN_INT_CONVERSION = YES;
				CLANG_WARN_OBJC_ROOT_CLASS = YES_ERROR;
				CLANG_WARN_SUSPICIOUS_MOVE = YES;
				CLANG_WARN_SUSPICIOUS_MOVES = YES;
				CLANG_WARN_UNREACHABLE_CODE = YES;
				CLANG_WARN__DUPLICATE_METHOD_MATCH = YES;
				CODE_SIGN_IDENTITY = "iPhone Distribution";
				"CODE_SIGN_IDENTITY[sdk=*]" = "iPhone Distribution";
				COPY_PHASE_STRIP = NO;
				DEBUG_INFORMATION_FORMAT = "dwarf-with-dsym";
				DEVELOPMENT_TEAM = ME2P39A3QN;
				ENABLE_NS_ASSERTIONS = NO;
				ENABLE_STRICT_OBJC_MSGSEND = YES;
				GCC_C_LANGUAGE_STANDARD = gnu99;
				GCC_NO_COMMON_BLOCKS = YES;
				GCC_WARN_64_TO_32_BIT_CONVERSION = YES;
				GCC_WARN_ABOUT_RETURN_TYPE = YES_ERROR;
				GCC_WARN_UNDECLARED_SELECTOR = YES;
				GCC_WARN_UNINITIALIZED_AUTOS = YES_AGGRESSIVE;
				GCC_WARN_UNUSED_FUNCTION = YES;
				GCC_WARN_UNUSED_VARIABLE = YES;
				IPHONEOS_DEPLOYMENT_TARGET = 10.2;
				MTL_ENABLE_DEBUG_INFO = NO;
				PROVISIONING_PROFILE = "b969f782-0133-4b77-8917-9ef13555ba17";
				SDKROOT = iphoneos10.2;
				STRIP_INSTALLED_PRODUCT = YES;
				SWIFT_OPTIMIZATION_LEVEL = "-Owholemodule";
				VALIDATE_PRODUCT = YES;
			};
			name = Release;
		};
		BFA800DA1E0C10AD0048882C /* Debug */ = {
			isa = XCBuildConfiguration;
			buildSettings = {
				ASSETCATALOG_COMPILER_APPICON_NAME = AppIcon;
				CODE_SIGN_IDENTITY = "iPhone Developer: Kengo Fujimoto (M7YWTJR6V6)";
				"CODE_SIGN_IDENTITY[sdk=iphoneos*]" = "iPhone Developer: Kengo Fujimoto (M7YWTJR6V6)";
				DEVELOPMENT_TEAM = ME2P39A3QN;
				INFOPLIST_FILE = SimpleCalc/Info.plist;
				IPHONEOS_DEPLOYMENT_TARGET = 9.0;
				LD_RUNPATH_SEARCH_PATHS = "$(inherited) @executable_path/Frameworks";
				PRODUCT_BUNDLE_IDENTIFIER = com.example.travelcalculator;
				PRODUCT_NAME = "$(TARGET_NAME)";
				PROVISIONING_PROFILE = "8db34d39-99c9-4bed-9300-08dbbed3a00d";
				PROVISIONING_PROFILE_SPECIFIER = develop;
				SWIFT_VERSION = 3.0;
				TARGETED_DEVICE_FAMILY = 1;
			};
			name = Debug;
		};
		BFA800DB1E0C10AD0048882C /* Release */ = {
			isa = XCBuildConfiguration;
			buildSettings = {
				ASSETCATALOG_COMPILER_APPICON_NAME = AppIcon;
				CODE_SIGN_IDENTITY = "iPhone Distribution";
				"CODE_SIGN_IDENTITY[sdk=*]" = "iPhone Distribution";
				DEVELOPMENT_TEAM = ME2P39A3QN;
				INFOPLIST_FILE = SimpleCalc/Info.plist;
				IPHONEOS_DEPLOYMENT_TARGET = 9.0;
				LD_RUNPATH_SEARCH_PATHS = "$(inherited) @executable_path/Frameworks";
				PRODUCT_BUNDLE_IDENTIFIER = com.example.travelcalculator;
				PRODUCT_NAME = "$(TARGET_NAME)";
				PROVISIONING_PROFILE = "0a6de903-7d8c-4793-aade-c555294051f5";
				PROVISIONING_PROFILE_SPECIFIER = mobileprovision;
				SWIFT_VERSION = 3.0;
				TARGETED_DEVICE_FAMILY = 1;
			};
			name = Release;
		};
		BFA800DD1E0C10AD0048882C /* Debug */ = {
			isa = XCBuildConfiguration;
			buildSettings = {
				ALWAYS_EMBED_SWIFT_STANDARD_LIBRARIES = YES;
				BUNDLE_LOADER = "$(TEST_HOST)";
				INFOPLIST_FILE = SimpleCalcTests/Info.plist;
				LD_RUNPATH_SEARCH_PATHS = "$(inherited) @executable_path/Frameworks @loader_path/Frameworks";
				PRODUCT_BUNDLE_IDENTIFIER = self.SimpleCalcTests;
				PRODUCT_NAME = "$(TARGET_NAME)";
				SWIFT_VERSION = 3.0;
				TEST_HOST = "$(BUILT_PRODUCTS_DIR)/SimpleCalc.app/SimpleCalc";
			};
			name = Debug;
		};
		BFA800DE1E0C10AD0048882C /* Release */ = {
			isa = XCBuildConfiguration;
			buildSettings = {
				ALWAYS_EMBED_SWIFT_STANDARD_LIBRARIES = YES;
				BUNDLE_LOADER = "$(TEST_HOST)";
				INFOPLIST_FILE = SimpleCalcTests/Info.plist;
				LD_RUNPATH_SEARCH_PATHS = "$(inherited) @executable_path/Frameworks @loader_path/Frameworks";
				PRODUCT_BUNDLE_IDENTIFIER = self.SimpleCalcTests;
				PRODUCT_NAME = "$(TARGET_NAME)";
				SWIFT_VERSION = 3.0;
				TEST_HOST = "$(BUILT_PRODUCTS_DIR)/SimpleCalc.app/SimpleCalc";
			};
			name = Release;
		};
		BFA800E01E0C10AD0048882C /* Debug */ = {
			isa = XCBuildConfiguration;
			buildSettings = {
				ALWAYS_EMBED_SWIFT_STANDARD_LIBRARIES = YES;
				INFOPLIST_FILE = SimpleCalcUITests/Info.plist;
				LD_RUNPATH_SEARCH_PATHS = "$(inherited) @executable_path/Frameworks @loader_path/Frameworks";
				PRODUCT_BUNDLE_IDENTIFIER = self.SimpleCalcUITests;
				PRODUCT_NAME = "$(TARGET_NAME)";
				SWIFT_VERSION = 3.0;
				TEST_TARGET_NAME = SimpleCalc;
			};
			name = Debug;
		};
		BFA800E11E0C10AD0048882C /* Release */ = {
			isa = XCBuildConfiguration;
			buildSettings = {
				ALWAYS_EMBED_SWIFT_STANDARD_LIBRARIES = YES;
				INFOPLIST_FILE = SimpleCalcUITests/Info.plist;
				LD_RUNPATH_SEARCH_PATHS = "$(inherited) @executable_path/Frameworks @loader_path/Frameworks";
				PRODUCT_BUNDLE_IDENTIFIER = self.SimpleCalcUITests;
				PRODUCT_NAME = "$(TARGET_NAME)";
				SWIFT_VERSION = 3.0;
				TEST_TARGET_NAME = SimpleCalc;
			};
			name = Release;
		};
/* End XCBuildConfiguration section */

/* Begin XCConfigurationList section */
		BFA800AC1E0C10AD0048882C /* Build configuration list for PBXProject "SimpleCalc" */ = {
			isa = XCConfigurationList;
			buildConfigurations = (
				BFA800D71E0C10AD0048882C /* Debug */,
				BFA800D81E0C10AD0048882C /* Release */,
			);
			defaultConfigurationIsVisible = 0;
			defaultConfigurationName = Release;
		};
		BFA800D91E0C10AD0048882C /* Build configuration list for PBXNativeTarget "SimpleCalc" */ = {
			isa = XCConfigurationList;
			buildConfigurations = (
				BFA800DA1E0C10AD0048882C /* Debug */,
				BFA800DB1E0C10AD0048882C /* Release */,
			);
			defaultConfigurationIsVisible = 0;
			defaultConfigurationName = Release;
		};
		BFA800DC1E0C10AD0048882C /* Build configuration list for PBXNativeTarget "SimpleCalcTests" */ = {
			isa = XCConfigurationList;
			buildConfigurations = (
				BFA800DD1E0C10AD0048882C /* Debug */,
				BFA800DE1E0C10AD0048882C /* Release */,
			);
			defaultConfigurationIsVisible = 0;
			defaultConfigurationName = Release;
		};
		BFA800DF1E0C10AD0048882C /* Build configuration list for PBXNativeTarget "SimpleCalcUITests" */ = {
			isa = XCConfigurationList;
			buildConfigurations = (
				BFA800E01E0C10AD0048882C /* Debug */,
				BFA800E11E0C10AD0048882C /* Release */,
			);
			defaultConfigurationIsVisible = 0;
			defaultConfigurationName = Release;
		};
/* End XCConfigurationList section */
	};
	rootObject = BFA800A91E0C10AD0048882C /* Project object */;
}
